version = 1
revision = 3
requires-python = ">=3.13"

[[package]]
name = "attrs"
version = "26.1.0"
source = { registry = "https://pypi.org/simple" }
sdist = { url = "https://files.pythonhosted.org/packages/9a/8e/82a0fe20a541c03148528be8cac2408564a6c9a0cc7e9171802bc1d26985/attrs-26.1.0.tar.gz", hash = "sha256:d03ceb89cb322a8fd706d4fb91940737b6642aa36998fe130a9bc96c985eff32", size = 952055, upload-time = "2026-03-19T14:22:25.026Z" }
wheels = [
    { url = "https://files.pythonhosted.org/packages/64/b4/17d4b0b2a2dc85a6df63d1157e028ed19f90d4cd97c36717afef2bc2f395/attrs-26.1.0-py3-none-any.whl", hash = "sha256:c647aa4a12dfbad9333ca4e71fe62ddc36f4e63b2d260a37a8b83d2f043ac309", size = 67548, upload-time = "2026-03-19T14:22:23.645Z" },
]

[[package]]
name = "colorama"
version = "0.4.6"
source = { registry = "https://pypi.org/simple" }
sdist = { url = "https://files.pythonhosted.org/packages/d8/53/6f443c9a4a8358a93a6792e2acffb9d9d5cb0a5cfd8802644b7b1c9a02e4/colorama-0.4.6.tar.gz", hash = "sha256:08695f5cb7ed6e0531a20572697297273c47b8cae5a63ffc6d6ed5c201be6e44", size = 27697, upload-time = "2022-10-25T02:36:22.414Z" }
wheels = [
    { url = "https://files.pythonhosted.org/packages/d1/d6/3965ed04c63042e047cb6a3e6ed1a63a35087b6a609aa3a15ed8ac56c221/colorama-0.4.6-py2.py3-none-any.whl", hash = "sha256:4f1d9991f5acc0ca119f9d443620b77f9d6b33703e51011c16baf57afb285fc6", size = 25335, upload-time = "2022-10-25T02:36:20.889Z" },
]

[[package]]
name = "coverage"
version = "7.13.5"
source = { registry = "https://pypi.org/simple" }
sdist = { url = "https://files.pythonhosted.org/packages/9d/e0/70553e3000e345daff267cec284ce4cbf3fc141b6da229ac52775b5428f1/coverage-7.13.5.tar.gz", hash = "sha256:c81f6515c4c40141f83f502b07bbfa5c240ba25bbe73da7b33f1e5b6120ff179", size = 915967, upload-time = "2026-03-17T10:33:18.341Z" }
wheels = [
    { url = "https://files.pythonhosted.org/packages/74/8c/74fedc9663dcf168b0a059d4ea756ecae4da77a489048f94b5f512a8d0b3/coverage-7.13.5-cp313-cp313-macosx_10_13_x86_64.whl", hash = "sha256:5ec4af212df513e399cf11610cc27063f1586419e814755ab362e50a85ea69c1", size = 219576, upload-time = "2026-03-17T10:31:09.045Z" },
    { url = "https://files.pythonhosted.org/packages/0c/c9/44fb661c55062f0818a6ffd2685c67aa30816200d5f2817543717d4b92eb/coverage-7.13.5-cp313-cp313-macosx_11_0_arm64.whl", hash = "sha256:941617e518602e2d64942c88ec8499f7fbd49d3f6c4327d3a71d43a1973032f3", size = 219942, upload-time = "2026-03-17T10:31:10.708Z" },
    { url = "https://files.pythonhosted.org/packages/5f/13/93419671cee82b780bab7ea96b67c8ef448f5f295f36bf5031154ec9a790/coverage-7.13.5-cp313-cp313-manylinux1_i686.manylinux_2_28_i686.manylinux_2_5_i686.whl", hash = "sha256:da305e9937617ee95c2e39d8ff9f040e0487cbf1ac174f777ed5eddd7a7c1f26", size = 250935, upload-time = "2026-03-17T10:31:12.392Z" },
    { url = "https://files.pythonhosted.org/packages/ac/68/1666e3a4462f8202d836920114fa7a5ee9275d1fa45366d336c551a162dd/coverage-7.13.5-cp313-cp313-manylinux1_x86_64.manylinux_2_28_x86_64.manylinux_2_5_x86_64.whl", hash = "sha256:78e696e1cc714e57e8b25760b33a8b1026b7048d270140d25dafe1b0a1ee05a3", size = 253541, upload-time = "2026-03-17T10:31:14.247Z" },
    { url = "https://files.pythonhosted.org/packages/4e/5e/3ee3b835647be646dcf3c65a7c6c18f87c27326a858f72ab22c12730773d/coverage-7.13.5-cp313-cp313-manylinux2014_aarch64.manylinux_2_17_aarch64.manylinux_2_28_aarch64.whl", hash = "sha256:02ca0eed225b2ff301c474aeeeae27d26e2537942aa0f87491d3e147e784a82b", size = 254780, upload-time = "2026-03-17T10:31:16.193Z" },
    { url = "https://files.pythonhosted.org/packages/44/b3/cb5bd1a04cfcc49ede6cd8409d80bee17661167686741e041abc7ee1b9a9/coverage-7.13.5-cp313-cp313-manylinux2014_ppc64le.manylinux_2_17_ppc64le.manylinux_2_28_ppc64le.whl", hash = "sha256:04690832cbea4e4663d9149e05dba142546ca05cb1848816760e7f58285c970a", size = 256912, upload-time = "2026-03-17T10:31:17.89Z" },
    { url = "https://files.pythonhosted.org/packages/1b/66/c1dceb7b9714473800b075f5c8a84f4588f887a90eb8645282031676e242/coverage-7.13.5-cp313-cp313-manylinux_2_31_riscv64.manylinux_2_39_riscv64.whl", hash = "sha256:0590e44dd2745c696a778f7bab6aa95256de2cbc8b8cff4f7db8ff09813d6969", size = 251165, upload-time = "2026-03-17T10:31:19.605Z" },
    { url = "https://files.pythonhosted.org/packages/b7/62/5502b73b97aa2e53ea22a39cf8649ff44827bef76d90bf638777daa27a9d/coverage-7.13.5-cp313-cp313-musllinux_1_2_aarch64.whl", hash = "sha256:d7cfad2d6d81dd298ab6b89fe72c3b7b05ec7544bdda3b707ddaecff8d25c161", size = 252908, upload-time = "2026-03-17T10:31:21.312Z" },
    { url = "https://files.pythonhosted.org/packages/7d/37/7792c2d69854397ca77a55c4646e5897c467928b0e27f2d235d83b5d08c6/coverage-7.13.5-cp313-cp313-musllinux_1_2_i686.whl", hash = "sha256:e092b9499de38ae0fbfbc603a74660eb6ff3e869e507b50d85a13b6db9863e15", size = 250873, upload-time = "2026-03-17T10:31:23.565Z" },
    { url = "https://files.pythonhosted.org/packages/a3/23/bc866fb6163be52a8a9e5d708ba0d3b1283c12158cefca0a8bbb6e247a43/coverage-7.13.5-cp313-cp313-musllinux_1_2_ppc64le.whl", hash = "sha256:48c39bc4a04d983a54a705a6389512883d4a3b9862991b3617d547940e9f52b1", size = 255030, upload-time = "2026-03-17T10:31:25.58Z" },
    { url = "https://files.pythonhosted.org/packages/7d/8b/ef67e1c222ef49860701d346b8bbb70881bef283bd5f6cbba68a39a086c7/coverage-7.13.5-cp313-cp313-musllinux_1_2_riscv64.whl", hash = "sha256:2d3807015f138ffea1ed9afeeb8624fd781703f2858b62a8dd8da5a0994c57b6", size = 250694, upload-time = "2026-03-17T10:31:27.316Z" },
    { url = "https://files.pythonhosted.org/packages/46/0d/866d1f74f0acddbb906db212e096dee77a8e2158ca5e6bb44729f9d93298/coverage-7.13.5-cp313-cp313-musllinux_1_2_x86_64.whl", hash = "sha256:ee2aa19e03161671ec964004fb74b2257805d9710bf14a5c704558b9d8dbaf17", size = 252469, upload-time = "2026-03-17T10:31:29.472Z" },
    { url = "https://files.pythonhosted.org/packages/7a/f5/be742fec31118f02ce42b21c6af187ad6a344fed546b56ca60caacc6a9a0/coverage-7.13.5-cp313-cp313-win32.whl", hash = "sha256:ce1998c0483007608c8382f4ff50164bfc5bd07a2246dd272aa4043b75e61e85", size = 222112, upload-time = "2026-03-17T10:31:31.526Z" },
    { url = "https://files.pythonhosted.org/packages/66/40/7732d648ab9d069a46e686043241f01206348e2bbf128daea85be4d6414b/coverage-7.13.5-cp313-cp313-win_amd64.whl", hash = "sha256:631efb83f01569670a5e866ceb80fe483e7c159fac6f167e6571522636104a0b", size = 222923, upload-time = "2026-03-17T10:31:33.633Z" },
    { url = "https://files.pythonhosted.org/packages/48/af/fea819c12a095781f6ccd504890aaddaf88b8fab263c4940e82c7b770124/coverage-7.13.5-cp313-cp313-win_arm64.whl", hash = "sha256:f4cd16206ad171cbc2470dbea9103cf9a7607d5fe8c242fdf1edf36174020664", size = 221540, upload-time = "2026-03-17T10:31:35.445Z" },
    { url = "https://files.pythonhosted.org/packages/23/d2/17879af479df7fbbd44bd528a31692a48f6b25055d16482fdf5cdb633805/coverage-7.13.5-cp313-cp313t-macosx_10_13_x86_64.whl", hash = "sha256:0428cbef5783ad91fe240f673cc1f76b25e74bbfe1a13115e4aa30d3f538162d", size = 220262, upload-time = "2026-03-17T10:31:37.184Z" },
    { url = "https://files.pythonhosted.org/packages/5b/4c/d20e554f988c8f91d6a02c5118f9abbbf73a8768a3048cb4962230d5743f/coverage-7.13.5-cp313-cp313t-macosx_11_0_arm64.whl", hash = "sha256:e0b216a19534b2427cc201a26c25da4a48633f29a487c61258643e89d28200c0", size = 220617, upload-time = "2026-03-17T10:31:39.245Z" },
    { url = "https://files.pythonhosted.org/packages/29/9c/f9f5277b95184f764b24e7231e166dfdb5780a46d408a2ac665969416d61/coverage-7.13.5-cp313-cp313t-manylinux1_i686.manylinux_2_28_i686.manylinux_2_5_i686.whl", hash = "sha256:972a9cd27894afe4bc2b1480107054e062df08e671df7c2f18c205e805ccd806", size = 261912, upload-time = "2026-03-17T10:31:41.324Z" },
    { url = "https://files.pythonhosted.org/packages/d5/f6/7f1ab39393eeb50cfe4747ae8ef0e4fc564b989225aa1152e13a180d74f8/coverage-7.13.5-cp313-cp313t-manylinux1_x86_64.manylinux_2_28_x86_64.manylinux_2_5_x86_64.whl", hash = "sha256:4b59148601efcd2bac8c4dbf1f0ad6391693ccf7a74b8205781751637076aee3", size = 263987, upload-time = "2026-03-17T10:31:43.724Z" },
    { url = "https://files.pythonhosted.org/packages/a0/d7/62c084fb489ed9c6fbdf57e006752e7c516ea46fd690e5ed8b8617c7d52e/coverage-7.13.5-cp313-cp313t-manylinux2014_aarch64.manylinux_2_17_aarch64.manylinux_2_28_aarch64.whl", hash = "sha256:505d7083c8b0c87a8fa8c07370c285847c1f77739b22e299ad75a6af6c32c5c9", size = 266416, upload-time = "2026-03-17T10:31:45.769Z" },
    { url = "https://files.pythonhosted.org/packages/a9/f6/df63d8660e1a0bff6125947afda112a0502736f470d62ca68b288ea762d8/coverage-7.13.5-cp313-cp313t-manylinux2014_ppc64le.manylinux_2_17_ppc64le.manylinux_2_28_ppc64le.whl", hash = "sha256:60365289c3741e4db327e7baff2a4aaacf22f788e80fa4683393891b70a89fbd", size = 267558, upload-time = "2026-03-17T10:31:48.293Z" },
    { url = "https://files.pythonhosted.org/packages/5b/02/353ca81d36779bd108f6d384425f7139ac3c58c750dcfaafe5d0bee6436b/coverage-7.13.5-cp313-cp313t-manylinux_2_31_riscv64.manylinux_2_39_riscv64.whl", hash = "sha256:1b88c69c8ef5d4b6fe7dea66d6636056a0f6a7527c440e890cf9259011f5e606", size = 261163, upload-time = "2026-03-17T10:31:50.125Z" },
    { url = "https://files.pythonhosted.org/packages/2c/16/2e79106d5749bcaf3aee6d309123548e3276517cd7851faa8da213bc61bf/coverage-7.13.5-cp313-cp313t-musllinux_1_2_aarch64.whl", hash = "sha256:5b13955d31d1633cf9376908089b7cebe7d15ddad7aeaabcbe969a595a97e95e", size = 263981, upload-time = "2026-03-17T10:31:51.961Z" },
    { url = "https://files.pythonhosted.org/packages/29/c7/c29e0c59ffa6942030ae6f50b88ae49988e7e8da06de7ecdbf49c6d4feae/coverage-7.13.5-cp313-cp313t-musllinux_1_2_i686.whl", hash = "sha256:f70c9ab2595c56f81a89620e22899eea8b212a4041bd728ac6f4a28bf5d3ddd0", size = 261604, upload-time = "2026-03-17T10:31:53.872Z" },
    { url = "https://files.pythonhosted.org/packages/40/48/097cdc3db342f34006a308ab41c3a7c11c3f0d84750d340f45d88a782e00/coverage-7.13.5-cp313-cp313t-musllinux_1_2_ppc64le.whl", hash = "sha256:084b84a8c63e8d6fc7e3931b316a9bcafca1458d753c539db82d31ed20091a87", size = 265321, upload-time = "2026-03-17T10:31:55.997Z" },
    { url = "https://files.pythonhosted.org/packages/bb/1f/4994af354689e14fd03a75f8ec85a9a68d94e0188bbdab3fc1516b55e512/coverage-7.13.5-cp313-cp313t-musllinux_1_2_riscv64.whl", hash = "sha256:ad14385487393e386e2ea988b09d62dd42c397662ac2dabc3832d71253eee479", size = 260502, upload-time = "2026-03-17T10:31:58.308Z" },
    { url = "https://files.pythonhosted.org/packages/22/c6/9bb9ef55903e628033560885f5c31aa227e46878118b63ab15dc7ba87797/coverage-7.13.5-cp313-cp313t-musllinux_1_2_x86_64.whl", hash = "sha256:7f2c47b36fe7709a6e83bfadf4eefb90bd25fbe4014d715224c4316f808e59a2", size = 262688, upload-time = "2026-03-17T10:32:00.141Z" },
    { url = "https://files.pythonhosted.org/packages/14/4f/f5df9007e50b15e53e01edea486814783a7f019893733d9e4d6caad75557/coverage-7.13.5-cp313-cp313t-win32.whl", hash = "sha256:67e9bc5449801fad0e5dff329499fb090ba4c5800b86805c80617b4e29809b2a", size = 222788, upload-time = "2026-03-17T10:32:02.246Z" },
    { url = "https://files.pythonhosted.org/packages/e1/98/aa7fccaa97d0f3192bec013c4e6fd6d294a6ed44b640e6bb61f479e00ed5/coverage-7.13.5-cp313-cp313t-win_amd64.whl", hash = "sha256:da86cdcf10d2519e10cabb8ac2de03da1bcb6e4853790b7fbd48523332e3a819", size = 223851, upload-time = "2026-03-17T10:32:04.416Z" },
    { url = "https://files.pythonhosted.org/packages/3d/8b/e5c469f7352651e5f013198e9e21f97510b23de957dd06a84071683b4b60/coverage-7.13.5-cp313-cp313t-win_arm64.whl", hash = "sha256:0ecf12ecb326fe2c339d93fc131816f3a7367d223db37817208905c89bded911", size = 222104, upload-time = "2026-03-17T10:32:06.65Z" },
    { url = "https://files.pythonhosted.org/packages/8e/77/39703f0d1d4b478bfd30191d3c14f53caf596fac00efb3f8f6ee23646439/coverage-7.13.5-cp314-cp314-macosx_10_15_x86_64.whl", hash = "sha256:fbabfaceaeb587e16f7008f7795cd80d20ec548dc7f94fbb0d4ec2e038ce563f", size = 219621, upload-time = "2026-03-17T10:32:08.589Z" },
    { url = "https://files.pythonhosted.org/packages/e2/3e/51dff36d99ae14639a133d9b164d63e628532e2974d8b1edb99dd1ebc733/coverage-7.13.5-cp314-cp314-macosx_11_0_arm64.whl", hash = "sha256:9bb2a28101a443669a423b665939381084412b81c3f8c0fcfbac57f4e30b5b8e", size = 219953, upload-time = "2026-03-17T10:32:10.507Z" },
    { url = "https://files.pythonhosted.org/packages/6a/6c/1f1917b01eb647c2f2adc9962bd66c79eb978951cab61bdc1acab3290c07/coverage-7.13.5-cp314-cp314-manylinux1_i686.manylinux_2_28_i686.manylinux_2_5_i686.whl", hash = "sha256:bd3a2fbc1c6cccb3c5106140d87cc6a8715110373ef42b63cf5aea29df8c217a", size = 250992, upload-time = "2026-03-17T10:32:12.41Z" },
    { url = "https://files.pythonhosted.org/packages/22/e5/06b1f88f42a5a99df42ce61208bdec3bddb3d261412874280a19796fc09c/coverage-7.13.5-cp314-cp314-manylinux1_x86_64.manylinux_2_28_x86_64.manylinux_2_5_x86_64.whl", hash = "sha256:6c36ddb64ed9d7e496028d1d00dfec3e428e0aabf4006583bb1839958d280510", size = 253503, upload-time = "2026-03-17T10:32:14.449Z" },
    { url = "https://files.pythonhosted.org/packages/80/28/2a148a51e5907e504fa7b85490277734e6771d8844ebcc48764a15e28155/coverage-7.13.5-cp314-cp314-manylinux2014_aarch64.manylinux_2_17_aarch64.manylinux_2_28_aarch64.whl", hash = "sha256:380e8e9084d8eb38db3a9176a1a4f3c0082c3806fa0dc882d1d87abc3c789247", size = 254852, upload-time = "2026-03-17T10:32:16.56Z" },
    { url = "https://files.pythonhosted.org/packages/61/77/50e8d3d85cc0b7ebe09f30f151d670e302c7ff4a1bf6243f71dd8b0981fa/coverage-7.13.5-cp314-cp314-manylinux2014_ppc64le.manylinux_2_17_ppc64le.manylinux_2_28_ppc64le.whl", hash = "sha256:e808af52a0513762df4d945ea164a24b37f2f518cbe97e03deaa0ee66139b4d6", size = 257161, upload-time = "2026-03-17T10:32:19.004Z" },
    { url = "https://files.pythonhosted.org/packages/3b/c4/b5fd1d4b7bf8d0e75d997afd3925c59ba629fc8616f1b3aae7605132e256/coverage-7.13.5-cp314-cp314-manylinux_2_31_riscv64.manylinux_2_39_riscv64.whl", hash = "sha256:e301d30dd7e95ae068671d746ba8c34e945a82682e62918e41b2679acd2051a0", size = 251021, upload-time = "2026-03-17T10:32:21.344Z" },
    { url = "https://files.pythonhosted.org/packages/f8/66/6ea21f910e92d69ef0b1c3346ea5922a51bad4446c9126db2ae96ee24c4c/coverage-7.13.5-cp314-cp314-musllinux_1_2_aarch64.whl", hash = "sha256:800bc829053c80d240a687ceeb927a94fd108bbdc68dfbe505d0d75ab578a882", size = 252858, upload-time = "2026-03-17T10:32:23.506Z" },
    { url = "https://files.pythonhosted.org/packages/9e/ea/879c83cb5d61aa2a35fb80e72715e92672daef8191b84911a643f533840c/coverage-7.13.5-cp314-cp314-musllinux_1_2_i686.whl", hash = "sha256:0b67af5492adb31940ee418a5a655c28e48165da5afab8c7fa6fd72a142f8740", size = 250823, upload-time = "2026-03-17T10:32:25.516Z" },
    { url = "https://files.pythonhosted.org/packages/8a/fb/616d95d3adb88b9803b275580bdeee8bd1b69a886d057652521f83d7322f/coverage-7.13.5-cp314-cp314-musllinux_1_2_ppc64le.whl", hash = "sha256:c9136ff29c3a91e25b1d1552b5308e53a1e0653a23e53b6366d7c2dcbbaf8a16", size = 255099, upload-time = "2026-03-17T10:32:27.944Z" },
    { url = "https://files.pythonhosted.org/packages/1c/93/25e6917c90ec1c9a56b0b26f6cad6408e5f13bb6b35d484a0d75c9cf000d/coverage-7.13.5-cp314-cp314-musllinux_1_2_riscv64.whl", hash = "sha256:cff784eef7f0b8f6cb28804fbddcfa99f89efe4cc35fb5627e3ac58f91ed3ac0", size = 250638, upload-time = "2026-03-17T10:32:29.914Z" },
    { url = "https://files.pythonhosted.org/packages/fc/7b/dc1776b0464145a929deed214aef9fb1493f159b59ff3c7eeeedf91eddd0/coverage-7.13.5-cp314-cp314-musllinux_1_2_x86_64.whl", hash = "sha256:68a4953be99b17ac3c23b6efbc8a38330d99680c9458927491d18700ef23ded0", size = 252295, upload-time = "2026-03-17T10:32:31.981Z" },
    { url = "https://files.pythonhosted.org/packages/ea/fb/99cbbc56a26e07762a2740713f3c8f9f3f3106e3a3dd8cc4474954bccd34/coverage-7.13.5-cp314-cp314-win32.whl", hash = "sha256:35a31f2b1578185fbe6aa2e74cea1b1d0bbf4c552774247d9160d29b80ed56cc", size = 222360, upload-time = "2026-03-17T10:32:34.233Z" },
    { url = "https://files.pythonhosted.org/packages/8d/b7/4758d4f73fb536347cc5e4ad63662f9d60ba9118cb6785e9616b2ce5d7fa/coverage-7.13.5-cp314-cp314-win_amd64.whl", hash = "sha256:2aa055ae1857258f9e0045be26a6d62bdb47a72448b62d7b55f4820f361a2633", size = 223174, upload-time = "2026-03-17T10:32:36.369Z" },
    { url = "https://files.pythonhosted.org/packages/2c/f2/24d84e1dfe70f8ac9fdf30d338239860d0d1d5da0bda528959d0ebc9da28/coverage-7.13.5-cp314-cp314-win_arm64.whl", hash = "sha256:1b11eef33edeae9d142f9b4358edb76273b3bfd30bc3df9a4f95d0e49caf94e8", size = 221739, upload-time = "2026-03-17T10:32:38.736Z" },
    { url = "https://files.pythonhosted.org/packages/60/5b/4a168591057b3668c2428bff25dd3ebc21b629d666d90bcdfa0217940e84/coverage-7.13.5-cp314-cp314t-macosx_10_15_x86_64.whl", hash = "sha256:10a0c37f0b646eaff7cce1874c31d1f1ccb297688d4c747291f4f4c70741cc8b", size = 220351, upload-time = "2026-03-17T10:32:41.196Z" },
    { url = "https://files.pythonhosted.org/packages/f5/21/1fd5c4dbfe4a58b6b99649125635df46decdfd4a784c3cd6d410d303e370/coverage-7.13.5-cp314-cp314t-macosx_11_0_arm64.whl", hash = "sha256:b5db73ba3c41c7008037fa731ad5459fc3944cb7452fc0aa9f822ad3533c583c", size = 220612, upload-time = "2026-03-17T10:32:43.204Z" },
    { url = "https://files.pythonhosted.org/packages/d6/fe/2a924b3055a5e7e4512655a9d4609781b0d62334fa0140c3e742926834e2/coverage-7.13.5-cp314-cp314t-manylinux1_i686.manylinux_2_28_i686.manylinux_2_5_i686.whl", hash = "sha256:750db93a81e3e5a9831b534be7b1229df848b2e125a604fe6651e48aa070e5f9", size = 261985, upload-time = "2026-03-17T10:32:45.514Z" },
    { url = "https://files.pythonhosted.org/packages/d7/0d/c8928f2bd518c45990fe1a2ab8db42e914ef9b726c975facc4282578c3eb/coverage-7.13.5-cp314-cp314t-manylinux1_x86_64.manylinux_2_28_x86_64.manylinux_2_5_x86_64.whl", hash = "sha256:9ddb4f4a5479f2539644be484da179b653273bca1a323947d48ab107b3ed1f29", size = 264107, upload-time = "2026-03-17T10:32:47.971Z" },
    { url = "https://files.pythonhosted.org/packages/ef/ae/4ae35bbd9a0af9d820362751f0766582833c211224b38665c0f8de3d487f/coverage-7.13.5-cp314-cp314t-manylinux2014_aarch64.manylinux_2_17_aarch64.manylinux_2_28_aarch64.whl", hash = "sha256:d8a7a2049c14f413163e2bdabd37e41179b1d1ccb10ffc6ccc4b7a718429c607", size = 266513, upload-time = "2026-03-17T10:32:50.1Z" },
    { url = "https://files.pythonhosted.org/packages/9c/20/d326174c55af36f74eac6ae781612d9492f060ce8244b570bb9d50d9d609/coverage-7.13.5-cp314-cp314t-manylinux2014_ppc64le.manylinux_2_17_ppc64le.manylinux_2_28_ppc64le.whl", hash = "sha256:e1c85e0b6c05c592ea6d8768a66a254bfb3874b53774b12d4c89c481eb78cb90", size = 267650, upload-time = "2026-03-17T10:32:52.391Z" },
    { url = "https://files.pythonhosted.org/packages/7a/5e/31484d62cbd0eabd3412e30d74386ece4a0837d4f6c3040a653878bfc019/coverage-7.13.5-cp314-cp314t-manylinux_2_31_riscv64.manylinux_2_39_riscv64.whl", hash = "sha256:777c4d1eff1b67876139d24288aaf1817f6c03d6bae9c5cc8d27b83bcfe38fe3", size = 261089, upload-time = "2026-03-17T10:32:54.544Z" },
    { url = "https://files.pythonhosted.org/packages/e9/d8/49a72d6de146eebb0b7e48cc0f4bc2c0dd858e3d4790ab2b39a2872b62bd/coverage-7.13.5-cp314-cp314t-musllinux_1_2_aarch64.whl", hash = "sha256:6697e29b93707167687543480a40f0db8f356e86d9f67ddf2e37e2dfd91a9dab", size = 263982, upload-time = "2026-03-17T10:32:56.803Z" },
    { url = "https://files.pythonhosted.org/packages/06/3b/0351f1bd566e6e4dd39e978efe7958bde1d32f879e85589de147654f57bb/coverage-7.13.5-cp314-cp314t-musllinux_1_2_i686.whl", hash = "sha256:8fdf453a942c3e4d99bd80088141c4c6960bb232c409d9c3558e2dbaa3998562", size = 261579, upload-time = "2026-03-17T10:32:59.466Z" },
    { url = "https://files.pythonhosted.org/packages/5d/ce/796a2a2f4017f554d7810f5c573449b35b1e46788424a548d4d19201b222/coverage-7.13.5-cp314-cp314t-musllinux_1_2_ppc64le.whl", hash = "sha256:32ca0c0114c9834a43f045a87dcebd69d108d8ffb666957ea65aa132f50332e2", size = 265316, upload-time = "2026-03-17T10:33:01.847Z" },
    { url = "https://files.pythonhosted.org/packages/3d/16/d5ae91455541d1a78bc90abf495be600588aff8f6db5c8b0dae739fa39c9/coverage-7.13.5-cp314-cp314t-musllinux_1_2_riscv64.whl", hash = "sha256:8769751c10f339021e2638cd354e13adeac54004d1941119b2c96fe5276d45ea", size = 260427, upload-time = "2026-03-17T10:33:03.945Z" },
    { url = "https://files.pythonhosted.org/packages/48/11/07f413dba62db21fb3fad5d0de013a50e073cc4e2dc4306e770360f6dfc8/coverage-7.13.5-cp314-cp314t-musllinux_1_2_x86_64.whl", hash = "sha256:cec2d83125531bd153175354055cdb7a09987af08a9430bd173c937c6d0fba2a", size = 262745, upload-time = "2026-03-17T10:33:06.285Z" },
    { url = "https://files.pythonhosted.org/packages/91/15/d792371332eb4663115becf4bad47e047d16234b1aff687b1b18c58d60ae/coverage-7.13.5-cp314-cp314t-win32.whl", hash = "sha256:0cd9ed7a8b181775459296e402ca4fb27db1279740a24e93b3b41942ebe4b215", size = 223146, upload-time = "2026-03-17T10:33:08.756Z" },
    { url = "https://files.pythonhosted.org/packages/db/51/37221f59a111dca5e85be7dbf09696323b5b9f13ff65e0641d535ed06ea8/coverage-7.13.5-cp314-cp314t-win_amd64.whl", hash = "sha256:301e3b7dfefecaca37c9f1aa6f0049b7d4ab8dd933742b607765d757aca77d43", size = 224254, upload-time = "2026-03-17T10:33:11.174Z" },
    { url = "https://files.pythonhosted.org/packages/54/83/6acacc889de8987441aa7d5adfbdbf33d288dad28704a67e574f1df9bcbb/coverage-7.13.5-cp314-cp314t-win_arm64.whl", hash = "sha256:9dacc2ad679b292709e0f5fc1ac74a6d4d5562e424058962c7bb0c658ad25e45", size = 222276, upload-time = "2026-03-17T10:33:13.466Z" },
    { url = "https://files.pythonhosted.org/packages/9e/ee/a4cf96b8ce1e566ed238f0659ac2d3f007ed1d14b181bcb684e19561a69a/coverage-7.13.5-py3-none-any.whl", hash = "sha256:34b02417cf070e173989b3db962f7ed56d2f644307b2cf9d5a0f258e13084a61", size = 211346, upload-time = "2026-03-17T10:33:15.691Z" },
]

[[package]]
name = "coverage-badge"
version = "1.1.2"
source = { registry = "https://pypi.org/simple" }
dependencies = [
    { name = "coverage" },
    { name = "setuptools" },
]
sdist = { url = "https://files.pythonhosted.org/packages/be/8f/e92b0a010c76b0da82709838b3f3ae9aec638d0c44dbfb1186a5751f5d2e/coverage_badge-1.1.2.tar.gz", hash = "sha256:fe7ed58a3b72dad85a553b64a99e963dea3847dcd0b8ddd2b38a00333618642c", size = 6335, upload-time = "2024-08-02T23:34:08.58Z" }
wheels = [
    { url = "https://files.pythonhosted.org/packages/90/3d/5642a1a06191b2e1e0f87a2e824e6d3eb7c32c589a68ed4d1dcbd3324d63/coverage_badge-1.1.2-py2.py3-none-any.whl", hash = "sha256:d8413ce51c91043a1692b943616b450868cbeeb0ea6a0c54a32f8318c9c96ff7", size = 6493, upload-time = "2024-08-02T23:34:07.063Z" },
]

[[package]]
name = "iniconfig"
version = "2.3.0"
source = { registry = "https://pypi.org/simple" }
sdist = { url = "https://files.pythonhosted.org/packages/72/34/14ca021ce8e5dfedc35312d08ba8bf51fdd999c576889fc2c24cb97f4f10/iniconfig-2.3.0.tar.gz", hash = "sha256:c76315c77db068650d49c5b56314774a7804df16fee4402c1f19d6d15d8c4730", size = 20503, upload-time = "2025-10-18T21:55:43.219Z" }
wheels = [
    { url = "https://files.pythonhosted.org/packages/cb/b1/3846dd7f199d53cb17f49cba7e651e9ce294d8497c8c150530ed11865bb8/iniconfig-2.3.0-py3-none-any.whl", hash = "sha256:f631c04d2c48c52b84d0d0549c99ff3859c98df65b3101406327ecc7d53fbf12", size = 7484, upload-time = "2025-10-18T21:55:41.639Z" },
]

[[package]]
name = "packaging"
version = "26.0"
source = { registry = "https://pypi.org/simple" }
sdist = { url = "https://files.pythonhosted.org/packages/65/ee/299d360cdc32edc7d2cf530f3accf79c4fca01e96ffc950d8a52213bd8e4/packaging-26.0.tar.gz", hash = "sha256:00243ae351a257117b6a241061796684b084ed1c516a08c48a3f7e147a9d80b4", size = 143416, upload-time = "2026-01-21T20:50:39.064Z" }
wheels = [
    { url = "https://files.pythonhosted.org/packages/b7/b9/c538f279a4e237a006a2c98387d081e9eb060d203d8ed34467cc0f0b9b53/packaging-26.0-py3-none-any.whl", hash = "sha256:b36f1fef9334a5588b4166f8bcd26a14e521f2b55e6b9de3aaa80d3ff7a37529", size = 74366, upload-time = "2026-01-21T20:50:37.788Z" },
]

[[package]]
name = "pluggy"
version = "1.6.0"
source = { registry = "https://pypi.org/simple" }
sdist = { url = "https://files.pythonhosted.org/packages/f9/e2/3e91f31a7d2b083fe6ef3fa267035b518369d9511ffab804f839851d2779/pluggy-1.6.0.tar.gz", hash = "sha256:7dcc130b76258d33b90f61b658791dede3486c3e6bfb003ee5c9bfb396dd22f3", size = 69412, upload-time = "2025-05-15T12:30:07.975Z" }
wheels = [
    { url = "https://files.pythonhosted.org/packages/54/20/4d324d65cc6d9205fabedc306948156824eb9f0ee1633355a8f7ec5c66bf/pluggy-1.6.0-py3-none-any.whl", hash = "sha256:e920276dd6813095e9377c0bc5566d94c932c33b27a3e3945d8389c374dd4746", size = 20538, upload-time = "2025-05-15T12:30:06.134Z" },
]

[[package]]
name = "pytest"
version = "7.2.2"
source = { registry = "https://pypi.org/simple" }
dependencies = [
    { name = "attrs" },
    { name = "colorama", marker = "sys_platform == 'win32'" },
    { name = "iniconfig" },
    { name = "packaging" },
    { name = "pluggy" },
]
sdist = { url = "https://files.pythonhosted.org/packages/b9/29/311895d9cd3f003dd58e8fdea36dd895ba2da5c0c90601836f7de79f76fe/pytest-7.2.2.tar.gz", hash = "sha256:c99ab0c73aceb050f68929bc93af19ab6db0558791c6a0715723abe9d0ade9d4", size = 1320028, upload-time = "2023-03-03T19:12:29.775Z" }
wheels = [
    { url = "https://files.pythonhosted.org/packages/b2/68/5321b5793bd506961bd40bdbdd0674e7de4fb873ee7cab33dd27283ad513/pytest-7.2.2-py3-none-any.whl", hash = "sha256:130328f552dcfac0b1cec75c12e3f005619dc5f874f0a06e8ff7263f0ee6225e", size = 317207, upload-time = "2023-03-03T19:12:27.611Z" },
]

[[package]]
name = "pytest-cov"
version = "4.0.0"
source = { registry = "https://pypi.org/simple" }
dependencies = [
    { name = "coverage" },
    { name = "pytest" },
]
sdist = { url = "https://files.pythonhosted.org/packages/ea/70/da97fd5f6270c7d2ce07559a19e5bf36a76f0af21500256f005a69d9beba/pytest-cov-4.0.0.tar.gz", hash = "sha256:996b79efde6433cdbd0088872dbc5fb3ed7fe1578b68cdbba634f14bb8dd0470", size = 62013, upload-time = "2022-09-28T18:39:22.927Z" }
wheels = [
    { url = "https://files.pythonhosted.org/packages/fe/1f/9ec0ddd33bd2b37d6ec50bb39155bca4fe7085fa78b3b434c05459a860e3/pytest_cov-4.0.0-py3-none-any.whl", hash = "sha256:2feb1b751d66a8bd934e5edfa2e961d11309dc37b73b0eabe73b5945fee20f6b", size = 21554, upload-time = "2022-09-28T18:39:21.138Z" },
]

[[package]]
name = "pytest-github-actions-example"
version = "0.1.0"
source = { virtual = "." }
dependencies = [
    { name = "coverage-badge" },
    { name = "pytest" },
    { name = "pytest-cov" },
    { name = "ruff" },
]

[package.metadata]
requires-dist = [
    { name = "coverage-badge", specifier = "~=1.1.0" },
    { name = "pytest", specifier = "==7.2.2" },
    { name = "pytest-cov", specifier = "==4.0.0" },
    { name = "ruff", specifier = "==0.0.260" },
]

[[package]]
name = "ruff"
version = "0.0.260"
source = { registry = "https://pypi.org/simple" }
sdist = { url = "https://files.pythonhosted.org/packages/42/b0/dab6b854f45b7709d21cbb9658fb5027a8ad0f594673f16691032be3fe03/ruff-0.0.260.tar.gz", hash = "sha256:ea8f94262f33b81c47ee9d81f455b144e94776f5c925748cb0c561a12206eae1", size = 844418, upload-time = "2023-03-29T21:19:22.02Z" }
wheels = [
    { url = "https://files.pythonhosted.org/packages/c1/3e/cb041a9d5bd90173e8050c2740bde3080388604ea60b8e66348f52e6a72d/ruff-0.0.260-py3-none-macosx_10_7_x86_64.whl", hash = "sha256:c559650b623f3fbdc39c7ed1bcb064765c666a53ee738c53d1461afbf3f23db2", size = 5016772, upload-time = "2023-03-29T21:18:51.491Z" },
    { url = "https://files.pythonhosted.org/packages/9e/ba/ad56a4f7c7c9213e62ba50c6d6c24a1a35d184d40620876c8fa6848693e3/ruff-0.0.260-py3-none-macosx_10_9_x86_64.macosx_11_0_arm64.macosx_10_9_universal2.whl", hash = "sha256:90ff1479e292a84c388a8a035d223247ddeea5f6760752a9142b88b6d59ac334", size = 9639706, upload-time = "2023-03-29T21:18:54.052Z" },
    { url = "https://files.pythonhosted.org/packages/8a/97/9162045353f3c162e32a00a0cc6f8026600daac453939f256e04e9b81bcf/ruff-0.0.260-py3-none-manylinux_2_17_aarch64.manylinux2014_aarch64.whl", hash = "sha256:25584d1b9f445fde72651caab97e7430a4c5bfd2a0ce9af39868753826cba10d", size = 4872117, upload-time = "2023-03-29T21:18:55.84Z" },
    { url = "https://files.pythonhosted.org/packages/fe/ab/aa9d7d785b1bcc9e34cfe85e27a2e21a508bfce447856f876d6c3ccb294d/ruff-0.0.260-py3-none-manylinux_2_17_armv7l.manylinux2014_armv7l.whl", hash = "sha256:8032e35357384a29791c75194a71e314031171eb0731fcaa872dfaf4c1f4470a", size = 4559490, upload-time = "2023-03-29T21:18:58.294Z" },
    { url = "https://files.pythonhosted.org/packages/0e/1a/cde78a0c594a0a07adcc0f5b191587dd28e29524022502b92f0b8c0324bb/ruff-0.0.260-py3-none-manylinux_2_17_i686.manylinux2014_i686.whl", hash = "sha256:1e4fa7293f97c021825b3b72f2bf53f0eb4f59625608a889678c1fc6660f412d", size = 5095635, upload-time = "2023-03-29T21:18:59.772Z" },
    { url = "https://files.pythonhosted.org/packages/14/d3/517080b9623d86aabc550d77cd118cc78156836894832917cf5a6d2ff89f/ruff-0.0.260-py3-none-manylinux_2_17_ppc64.manylinux2014_ppc64.whl", hash = "sha256:8bec0271e2c8cd36bcf915cb9f6a93e40797a3ff3d2cda4ca87b7bed9e598472", size = 5551387, upload-time = "2023-03-29T21:19:01.402Z" },
    { url = "https://files.pythonhosted.org/packages/18/c0/c2c3efcddff1ec814bac21e06b6892e09b7304b710b163605a24002d4215/ruff-0.0.260-py3-none-manylinux_2_17_ppc64le.manylinux2014_ppc64le.whl", hash = "sha256:3e075a61aaff8ebe56172217f0ac14c5df9637b289bf161ac697445a9003d5c2", size = 5464329, upload-time = "2023-03-29T21:19:03.408Z" },
    { url = "https://files.pythonhosted.org/packages/b6/f2/d996c980b9eeb644d312376bf00e4831a04720f3bfd6fa3c474dc536a416/ruff-0.0.260-py3-none-manylinux_2_17_s390x.manylinux2014_s390x.whl", hash = "sha256:f8678f54eb2696481618902a10c3cb28325f3323799af99997ad6f06005ea4f5", size = 6072755, upload-time = "2023-03-29T21:19:05.844Z" },
    { url = "https://files.pythonhosted.org/packages/09/e0/3ba8f02041ac5a1b466364ff96abae4838f4852d56177a079075b35885d6/ruff-0.0.260-py3-none-manylinux_2_17_x86_64.manylinux2014_x86_64.whl", hash = "sha256:57d9f0bfdef739b76aa3112b9182a214f0f34589a2659f88353492c7670fe2fe", size = 5219078, upload-time = "2023-03-29T21:19:07.581Z" },
    { url = "https://files.pythonhosted.org/packages/fc/ca/1c9fe9d576405cf5883c041c7693f2c8de828a7aa1b5dd80ea473f85b9bc/ruff-0.0.260-py3-none-musllinux_1_2_aarch64.whl", hash = "sha256:3ec1f77219ba5adaa194289cb82ba924ff2ed931fd00b8541d66a1724c89fbc9", size = 4853453, upload-time = "2023-03-29T21:19:09.124Z" },
    { url = "https://files.pythonhosted.org/packages/90/01/e9b06ec57caa0c36a90ede26b86a8603f4eee61d0da4a2e5f597cc7f5c43/ruff-0.0.260-py3-none-musllinux_1_2_armv7l.whl", hash = "sha256:aae2170a7ec6f7fc4a73db30aa7aa7fce936176bf66bf85f77f69ddd1dd4a665", size = 4570834, upload-time = "2023-03-29T21:19:11.424Z" },
    { url = "https://files.pythonhosted.org/packages/a2/5d/261b7a1d795fe097c4b11dcd8336acce43ac4a3e73f0f7f86cc609fd8745/ruff-0.0.260-py3-none-musllinux_1_2_i686.whl", hash = "sha256:5f847b72ef994ab88e9da250c7eb5cbb3f1555b92a9f22c5ed1c27a44b7e98d6", size = 4973941, upload-time = "2023-03-29T21:19:14.212Z" },
    { url = "https://files.pythonhosted.org/packages/93/54/fad086cfd66eaa611549da82f381a77e752c283e34c3548cd650ac27369e/ruff-0.0.260-py3-none-musllinux_1_2_x86_64.whl", hash = "sha256:6dd705d4eff405c2b70513188fbff520f49db6df91f0d5e8258c5d469efa58bc", size = 5283893, upload-time = "2023-03-29T21:19:15.773Z" },
    { url = "https://files.pythonhosted.org/packages/6f/c5/6753f698c20ee047e0ccf37699c428cee27bdd686d66d7b7fbf0d8f64064/ruff-0.0.260-py3-none-win32.whl", hash = "sha256:3866a96b2ef92c7d837ba6bf8fc9dd125a67886f1c5512ad6fa5d5fefaceff87", size = 4878321, upload-time = "2023-03-29T21:19:17.344Z" },
    { url = "https://files.pythonhosted.org/packages/b9/f9/1b355d585b971a77687d6dc2cd680e7e5af66394a8c75a25ac73d8dd3243/ruff-0.0.260-py3-none-win_amd64.whl", hash = "sha256:0733d524946decbd4f1e63f7dc26820f5c1e6c31da529ba20fb995057f8e79b1", size = 5284035, upload-time = "2023-03-29T21:19:19.032Z" },
    { url = "https://files.pythonhosted.org/packages/a3/89/78e78b2af514c2960a684a0b1deb4b8b21368541b7c82e18a2599002a443/ruff-0.0.260-py3-none-win_arm64.whl", hash = "sha256:12542a26f189a5a10c719bfa14d415d0511ac05e5c9ff5e79cc9d5cc50b81bc8", size = 5067855, upload-time = "2023-03-29T21:19:20.553Z" },
]

[[package]]
name = "setuptools"
version = "82.0.1"
source = { registry = "https://pypi.org/simple" }
sdist = { url = "https://files.pythonhosted.org/packages/4f/db/cfac1baf10650ab4d1c111714410d2fbb77ac5a616db26775db562c8fab2/setuptools-82.0.1.tar.gz", hash = "sha256:7d872682c5d01cfde07da7bccc7b65469d3dca203318515ada1de5eda35efbf9", size = 1152316, upload-time = "2026-03-09T12:47:17.221Z" }
wheels = [
    { url = "https://files.pythonhosted.org/packages/9d/76/f789f7a86709c6b087c5a2f52f911838cad707cc613162401badc665acfe/setuptools-82.0.1-py3-none-any.whl", hash = "sha256:a59e362652f08dcd477c78bb6e7bd9d80a7995bc73ce773050228a348ce2e5bb", size = 1006223, upload-time = "2026-03-09T12:47:15.026Z" },
]
